// !$*UTF8*$!
{
	archiveVersion = 1;
	classes = {
	};
	objectVersion = 46;
	objects = {

/* Begin PBXBuildFile section */
		361C6FB317372AE3008FA28D /* DataManager.m in Sources */ = {isa = PBXBuildFile; fileRef = 361C6FB217372AE3008FA28D /* DataManager.m */; };
		361C6FB9173734E0008FA28D /* AvailableForChatVC.m in Sources */ = {isa = PBXBuildFile; fileRef = 361C6FB8173734E0008FA28D /* AvailableForChatVC.m */; };
		361C6FBC173734F3008FA28D /* ChatVC.m in Sources */ = {isa = PBXBuildFile; fileRef = 361C6FBB173734F3008FA28D /* ChatVC.m */; };
		3629ADD0174856150052B1A5 /* IceBreakerBaseVC.m in Sources */ = {isa = PBXBuildFile; fileRef = 3629ADCF174856150052B1A5 /* IceBreakerBaseVC.m */; };
		3629ADD3174864A40052B1A5 /* QBAuthenticator.m in Sources */ = {isa = PBXBuildFile; fileRef = 3629ADD2174864A30052B1A5 /* QBAuthenticator.m */; };
		36616847173743C20083B242 /* ECSlidingViewController.m in Sources */ = {isa = PBXBuildFile; fileRef = 36616844173743C20083B242 /* ECSlidingViewController.m */; };
		36616848173743C20083B242 /* UIImage+ImageWithUIView.m in Sources */ = {isa = PBXBuildFile; fileRef = 36616846173743C20083B242 /* UIImage+ImageWithUIView.m */; };
		366168501737459B0083B242 /* nav_menu_icon@2x.png in Resources */ = {isa = PBXBuildFile; fileRef = 3661684F1737459B0083B242 /* nav_menu_icon@2x.png */; };
		366B6010173882E0000970D5 /* EventMapVC.m in Sources */ = {isa = PBXBuildFile; fileRef = 366B600F173882E0000970D5 /* EventMapVC.m */; };
		366B6016173884BD000970D5 /* MapKit.framework in Frameworks */ = {isa = PBXBuildFile; fileRef = 366B6015173884BD000970D5 /* MapKit.framework */; };
		36A439811736F6E600155B56 /* UIKit.framework in Frameworks */ = {isa = PBXBuildFile; fileRef = 36A439801736F6E600155B56 /* UIKit.framework */; };
		36A439831736F6E600155B56 /* Foundation.framework in Frameworks */ = {isa = PBXBuildFile; fileRef = 36A439821736F6E600155B56 /* Foundation.framework */; };
		36A439851736F6E600155B56 /* CoreGraphics.framework in Frameworks */ = {isa = PBXBuildFile; fileRef = 36A439841736F6E600155B56 /* CoreGraphics.framework */; };
		36A439871736F6E600155B56 /* CoreData.framework in Frameworks */ = {isa = PBXBuildFile; fileRef = 36A439861736F6E600155B56 /* CoreData.framework */; };
		36A4398D1736F6E600155B56 /* InfoPlist.strings in Resources */ = {isa = PBXBuildFile; fileRef = 36A4398B1736F6E600155B56 /* InfoPlist.strings */; };
		36A4398F1736F6E600155B56 /* main.m in Sources */ = {isa = PBXBuildFile; fileRef = 36A4398E1736F6E600155B56 /* main.m */; };
		36A439931736F6E600155B56 /* AppDelegate.m in Sources */ = {isa = PBXBuildFile; fileRef = 36A439921736F6E600155B56 /* AppDelegate.m */; };
		36A439A61736FB0B00155B56 /* Quickblox.framework in Frameworks */ = {isa = PBXBuildFile; fileRef = 36A439A51736FB0B00155B56 /* Quickblox.framework */; };
		36A439A81736FCFE00155B56 /* CFNetwork.framework in Frameworks */ = {isa = PBXBuildFile; fileRef = 36A439A71736FCFE00155B56 /* CFNetwork.framework */; };
		36A439AA1736FD0B00155B56 /* SystemConfiguration.framework in Frameworks */ = {isa = PBXBuildFile; fileRef = 36A439A91736FD0B00155B56 /* SystemConfiguration.framework */; };
		36A439AC1736FD1600155B56 /* MobileCoreServices.framework in Frameworks */ = {isa = PBXBuildFile; fileRef = 36A439AB1736FD1600155B56 /* MobileCoreServices.framework */; };
		36A439AE1736FD2700155B56 /* CoreLocation.framework in Frameworks */ = {isa = PBXBuildFile; fileRef = 36A439AD1736FD2700155B56 /* CoreLocation.framework */; };
		36A439B01736FD3F00155B56 /* AudioToolbox.framework in Frameworks */ = {isa = PBXBuildFile; fileRef = 36A439AF1736FD3F00155B56 /* AudioToolbox.framework */; };
		36A439B21736FD4600155B56 /* CoreMedia.framework in Frameworks */ = {isa = PBXBuildFile; fileRef = 36A439B11736FD4600155B56 /* CoreMedia.framework */; };
		36A439B41736FD5400155B56 /* Accelerate.framework in Frameworks */ = {isa = PBXBuildFile; fileRef = 36A439B31736FD5400155B56 /* Accelerate.framework */; };
		36A439B61736FD5B00155B56 /* CoreVideo.framework in Frameworks */ = {isa = PBXBuildFile; fileRef = 36A439B51736FD5B00155B56 /* CoreVideo.framework */; };
		36A439B81736FD6500155B56 /* AVFoundation.framework in Frameworks */ = {isa = PBXBuildFile; fileRef = 36A439B71736FD6500155B56 /* AVFoundation.framework */; };
		36A439BA1736FD7900155B56 /* libz.dylib in Frameworks */ = {isa = PBXBuildFile; fileRef = 36A439B91736FD7900155B56 /* libz.dylib */; };
		36A439BC1736FD8000155B56 /* libresolv.dylib in Frameworks */ = {isa = PBXBuildFile; fileRef = 36A439BB1736FD8000155B56 /* libresolv.dylib */; };
		36A439BE1736FD9000155B56 /* libxml2.dylib in Frameworks */ = {isa = PBXBuildFile; fileRef = 36A439BD1736FD9000155B56 /* libxml2.dylib */; };
		36A439CB1737047900155B56 /* iPhoneMainStoryboard.storyboard in Resources */ = {isa = PBXBuildFile; fileRef = 36A439CA1737047900155B56 /* iPhoneMainStoryboard.storyboard */; };
		36A439CE173705B800155B56 /* LoginVC.m in Sources */ = {isa = PBXBuildFile; fileRef = 36A439CD173705B800155B56 /* LoginVC.m */; };
		36A43A0C173717A900155B56 /* SignupVC.m in Sources */ = {isa = PBXBuildFile; fileRef = 36A43A0B173717A900155B56 /* SignupVC.m */; };
		36E906F5173CE2870039CB9F /* InitialSlidingViewController.m in Sources */ = {isa = PBXBuildFile; fileRef = 36E906F2173CE2870039CB9F /* InitialSlidingViewController.m */; };
		36E906F6173CE2870039CB9F /* MenuVC.m in Sources */ = {isa = PBXBuildFile; fileRef = 36E906F4173CE2870039CB9F /* MenuVC.m */; };
		36E906F9173CE54A0039CB9F /* Model.xcdatamodeld in Sources */ = {isa = PBXBuildFile; fileRef = 36E906F7173CE54A0039CB9F /* Model.xcdatamodeld */; };
/* End PBXBuildFile section */

/* Begin PBXFileReference section */
		361C6FB117372AE3008FA28D /* DataManager.h */ = {isa = PBXFileReference; fileEncoding = 4; lastKnownFileType = sourcecode.c.h; name = DataManager.h; path = Database/DataManager.h; sourceTree = "<group>"; };
		361C6FB217372AE3008FA28D /* DataManager.m */ = {isa = PBXFileReference; fileEncoding = 4; lastKnownFileType = sourcecode.c.objc; name = DataManager.m; path = Database/DataManager.m; sourceTree = "<group>"; };
		361C6FB7173734E0008FA28D /* AvailableForChatVC.h */ = {isa = PBXFileReference; fileEncoding = 4; lastKnownFileType = sourcecode.c.h; name = AvailableForChatVC.h; path = "Ice Breaker/Controllers/ChatMenu/AvailableForChatVC.h"; sourceTree = "<group>"; };
		361C6FB8173734E0008FA28D /* AvailableForChatVC.m */ = {isa = PBXFileReference; fileEncoding = 4; lastKnownFileType = sourcecode.c.objc; name = AvailableForChatVC.m; path = "Ice Breaker/Controllers/ChatMenu/AvailableForChatVC.m"; sourceTree = "<group>"; };
		361C6FBA173734F3008FA28D /* ChatVC.h */ = {isa = PBXFileReference; fileEncoding = 4; lastKnownFileType = sourcecode.c.h; name = ChatVC.h; path = "Ice Breaker/Controllers/ChatMenu/ChatVC.h"; sourceTree = "<group>"; };
		361C6FBB173734F3008FA28D /* ChatVC.m */ = {isa = PBXFileReference; fileEncoding = 4; lastKnownFileType = sourcecode.c.objc; name = ChatVC.m; path = "Ice Breaker/Controllers/ChatMenu/ChatVC.m"; sourceTree = "<group>"; };
		3629ADCE174856150052B1A5 /* IceBreakerBaseVC.h */ = {isa = PBXFileReference; fileEncoding = 4; lastKnownFileType = sourcecode.c.h; name = IceBreakerBaseVC.h; path = "Ice Breaker/Controllers/Common/IceBreakerBaseVC.h"; sourceTree = "<group>"; };
		3629ADCF174856150052B1A5 /* IceBreakerBaseVC.m */ = {isa = PBXFileReference; fileEncoding = 4; lastKnownFileType = sourcecode.c.objc; name = IceBreakerBaseVC.m; path = "Ice Breaker/Controllers/Common/IceBreakerBaseVC.m"; sourceTree = "<group>"; };
		3629ADD1174864A30052B1A5 /* QBAuthenticator.h */ = {isa = PBXFileReference; fileEncoding = 4; lastKnownFileType = sourcecode.c.h; name = QBAuthenticator.h; path = "Ice Breaker/Models/Login/QBAuthenticator.h"; sourceTree = "<group>"; };
		3629ADD2174864A30052B1A5 /* QBAuthenticator.m */ = {isa = PBXFileReference; fileEncoding = 4; lastKnownFileType = sourcecode.c.objc; name = QBAuthenticator.m; path = "Ice Breaker/Models/Login/QBAuthenticator.m"; sourceTree = "<group>"; };
		36616843173743C20083B242 /* ECSlidingViewController.h */ = {isa = PBXFileReference; fileEncoding = 4; lastKnownFileType = sourcecode.c.h; path = ECSlidingViewController.h; sourceTree = "<group>"; };
		36616844173743C20083B242 /* ECSlidingViewController.m */ = {isa = PBXFileReference; fileEncoding = 4; lastKnownFileType = sourcecode.c.objc; path = ECSlidingViewController.m; sourceTree = "<group>"; };
		36616845173743C20083B242 /* UIImage+ImageWithUIView.h */ = {isa = PBXFileReference; fileEncoding = 4; lastKnownFileType = sourcecode.c.h; path = "UIImage+ImageWithUIView.h"; sourceTree = "<group>"; };
		36616846173743C20083B242 /* UIImage+ImageWithUIView.m */ = {isa = PBXFileReference; fileEncoding = 4; lastKnownFileType = sourcecode.c.objc; path = "UIImage+ImageWithUIView.m"; sourceTree = "<group>"; };
		3661684F1737459B0083B242 /* nav_menu_icon@2x.png */ = {isa = PBXFileReference; lastKnownFileType = image.png; name = "nav_menu_icon@2x.png"; path = "Ice Breaker/nav_menu_icon@2x.png"; sourceTree = "<group>"; };
		366B600E173882E0000970D5 /* EventMapVC.h */ = {isa = PBXFileReference; fileEncoding = 4; lastKnownFileType = sourcecode.c.h; name = EventMapVC.h; path = "Ice Breaker/Controllers/EventMenu/EventMapVC.h"; sourceTree = "<group>"; };
		366B600F173882E0000970D5 /* EventMapVC.m */ = {isa = PBXFileReference; fileEncoding = 4; lastKnownFileType = sourcecode.c.objc; name = EventMapVC.m; path = "Ice Breaker/Controllers/EventMenu/EventMapVC.m"; sourceTree = "<group>"; };
		366B6015173884BD000970D5 /* MapKit.framework */ = {isa = PBXFileReference; lastKnownFileType = wrapper.framework; name = MapKit.framework; path = System/Library/Frameworks/MapKit.framework; sourceTree = SDKROOT; };
		36A4397D1736F6E600155B56 /* Ice Breaker.app */ = {isa = PBXFileReference; explicitFileType = wrapper.application; includeInIndex = 0; path = "Ice Breaker.app"; sourceTree = BUILT_PRODUCTS_DIR; };
		36A439801736F6E600155B56 /* UIKit.framework */ = {isa = PBXFileReference; lastKnownFileType = wrapper.framework; name = UIKit.framework; path = System/Library/Frameworks/UIKit.framework; sourceTree = SDKROOT; };
		36A439821736F6E600155B56 /* Foundation.framework */ = {isa = PBXFileReference; lastKnownFileType = wrapper.framework; name = Foundation.framework; path = System/Library/Frameworks/Foundation.framework; sourceTree = SDKROOT; };
		36A439841736F6E600155B56 /* CoreGraphics.framework */ = {isa = PBXFileReference; lastKnownFileType = wrapper.framework; name = CoreGraphics.framework; path = System/Library/Frameworks/CoreGraphics.framework; sourceTree = SDKROOT; };
		36A439861736F6E600155B56 /* CoreData.framework */ = {isa = PBXFileReference; lastKnownFileType = wrapper.framework; name = CoreData.framework; path = System/Library/Frameworks/CoreData.framework; sourceTree = SDKROOT; };
		36A4398A1736F6E600155B56 /* Ice Breaker-Info.plist */ = {isa = PBXFileReference; lastKnownFileType = text.plist.xml; name = "Ice Breaker-Info.plist"; path = "Supporting Files/Ice Breaker-Info.plist"; sourceTree = "<group>"; };
		36A4398C1736F6E600155B56 /* en */ = {isa = PBXFileReference; lastKnownFileType = text.plist.strings; name = en; path = en.lproj/InfoPlist.strings; sourceTree = "<group>"; };
		36A4398E1736F6E600155B56 /* main.m */ = {isa = PBXFileReference; lastKnownFileType = sourcecode.c.objc; name = main.m; path = "Supporting Files/main.m"; sourceTree = "<group>"; };
		36A439911736F6E600155B56 /* AppDelegate.h */ = {isa = PBXFileReference; lastKnownFileType = sourcecode.c.h; name = AppDelegate.h; path = "Supporting Files/AppDelegate.h"; sourceTree = "<group>"; };
		36A439921736F6E600155B56 /* AppDelegate.m */ = {isa = PBXFileReference; lastKnownFileType = sourcecode.c.objc; name = AppDelegate.m; path = "Supporting Files/AppDelegate.m"; sourceTree = "<group>"; };
		36A439A51736FB0B00155B56 /* Quickblox.framework */ = {isa = PBXFileReference; lastKnownFileType = wrapper.framework; name = Quickblox.framework; path = "Ice Breaker/Framework/Quickblox.framework"; sourceTree = "<group>"; };
		36A439A71736FCFE00155B56 /* CFNetwork.framework */ = {isa = PBXFileReference; lastKnownFileType = wrapper.framework; name = CFNetwork.framework; path = System/Library/Frameworks/CFNetwork.framework; sourceTree = SDKROOT; };
		36A439A91736FD0B00155B56 /* SystemConfiguration.framework */ = {isa = PBXFileReference; lastKnownFileType = wrapper.framework; name = SystemConfiguration.framework; path = System/Library/Frameworks/SystemConfiguration.framework; sourceTree = SDKROOT; };
		36A439AB1736FD1600155B56 /* MobileCoreServices.framework */ = {isa = PBXFileReference; lastKnownFileType = wrapper.framework; name = MobileCoreServices.framework; path = System/Library/Frameworks/MobileCoreServices.framework; sourceTree = SDKROOT; };
		36A439AD1736FD2700155B56 /* CoreLocation.framework */ = {isa = PBXFileReference; lastKnownFileType = wrapper.framework; name = CoreLocation.framework; path = System/Library/Frameworks/CoreLocation.framework; sourceTree = SDKROOT; };
		36A439AF1736FD3F00155B56 /* AudioToolbox.framework */ = {isa = PBXFileReference; lastKnownFileType = wrapper.framework; name = AudioToolbox.framework; path = System/Library/Frameworks/AudioToolbox.framework; sourceTree = SDKROOT; };
		36A439B11736FD4600155B56 /* CoreMedia.framework */ = {isa = PBXFileReference; lastKnownFileType = wrapper.framework; name = CoreMedia.framework; path = System/Library/Frameworks/CoreMedia.framework; sourceTree = SDKROOT; };
		36A439B31736FD5400155B56 /* Accelerate.framework */ = {isa = PBXFileReference; lastKnownFileType = wrapper.framework; name = Accelerate.framework; path = System/Library/Frameworks/Accelerate.framework; sourceTree = SDKROOT; };
		36A439B51736FD5B00155B56 /* CoreVideo.framework */ = {isa = PBXFileReference; lastKnownFileType = wrapper.framework; name = CoreVideo.framework; path = System/Library/Frameworks/CoreVideo.framework; sourceTree = SDKROOT; };
		36A439B71736FD6500155B56 /* AVFoundation.framework */ = {isa = PBXFileReference; lastKnownFileType = wrapper.framework; name = AVFoundation.framework; path = System/Library/Frameworks/AVFoundation.framework; sourceTree = SDKROOT; };
		36A439B91736FD7900155B56 /* libz.dylib */ = {isa = PBXFileReference; lastKnownFileType = "compiled.mach-o.dylib"; name = libz.dylib; path = usr/lib/libz.dylib; sourceTree = SDKROOT; };
		36A439BB1736FD8000155B56 /* libresolv.dylib */ = {isa = PBXFileReference; lastKnownFileType = "compiled.mach-o.dylib"; name = libresolv.dylib; path = usr/lib/libresolv.dylib; sourceTree = SDKROOT; };
		36A439BD1736FD9000155B56 /* libxml2.dylib */ = {isa = PBXFileReference; lastKnownFileType = "compiled.mach-o.dylib"; name = libxml2.dylib; path = usr/lib/libxml2.dylib; sourceTree = SDKROOT; };
		36A439C9173703B500155B56 /* Ice Breaker-Prefix.pch */ = {isa = PBXFileReference; lastKnownFileType = sourcecode.c.h; name = "Ice Breaker-Prefix.pch"; path = "Supporting Files/Ice Breaker-Prefix.pch"; sourceTree = "<group>"; };
		36A439CA1737047900155B56 /* iPhoneMainStoryboard.storyboard */ = {isa = PBXFileReference; fileEncoding = 4; lastKnownFileType = file.storyboard; name = iPhoneMainStoryboard.storyboard; path = Storyboards/iPhoneMainStoryboard.storyboard; sourceTree = "<group>"; };
		36A439CC173705B800155B56 /* LoginVC.h */ = {isa = PBXFileReference; fileEncoding = 4; lastKnownFileType = sourcecode.c.h; name = LoginVC.h; path = "Ice Breaker/Controllers/Login/LoginVC.h"; sourceTree = "<group>"; };
		36A439CD173705B800155B56 /* LoginVC.m */ = {isa = PBXFileReference; fileEncoding = 4; lastKnownFileType = sourcecode.c.objc; name = LoginVC.m; path = "Ice Breaker/Controllers/Login/LoginVC.m"; sourceTree = "<group>"; };
		36A43A0A173717A900155B56 /* SignupVC.h */ = {isa = PBXFileReference; fileEncoding = 4; lastKnownFileType = sourcecode.c.h; name = SignupVC.h; path = "Ice Breaker/Controllers/Login/SignupVC.h"; sourceTree = "<group>"; };
		36A43A0B173717A900155B56 /* SignupVC.m */ = {isa = PBXFileReference; fileEncoding = 4; lastKnownFileType = sourcecode.c.objc; name = SignupVC.m; path = "Ice Breaker/Controllers/Login/SignupVC.m"; sourceTree = "<group>"; };
		36E906F1173CE2870039CB9F /* InitialSlidingViewController.h */ = {isa = PBXFileReference; fileEncoding = 4; lastKnownFileType = sourcecode.c.h; name = InitialSlidingViewController.h; path = "Ice Breaker/Controllers/MainMenu/InitialSlidingViewController.h"; sourceTree = "<group>"; };
		36E906F2173CE2870039CB9F /* InitialSlidingViewController.m */ = {isa = PBXFileReference; fileEncoding = 4; lastKnownFileType = sourcecode.c.objc; name = InitialSlidingViewController.m; path = "Ice Breaker/Controllers/MainMenu/InitialSlidingViewController.m"; sourceTree = "<group>"; };
		36E906F3173CE2870039CB9F /* MenuVC.h */ = {isa = PBXFileReference; fileEncoding = 4; lastKnownFileType = sourcecode.c.h; name = MenuVC.h; path = "Ice Breaker/Controllers/MainMenu/MenuVC.h"; sourceTree = "<group>"; };
		36E906F4173CE2870039CB9F /* MenuVC.m */ = {isa = PBXFileReference; fileEncoding = 4; lastKnownFileType = sourcecode.c.objc; name = MenuVC.m; path = "Ice Breaker/Controllers/MainMenu/MenuVC.m"; sourceTree = "<group>"; };
		36E906F8173CE54A0039CB9F /* Model.xcdatamodel */ = {isa = PBXFileReference; lastKnownFileType = wrapper.xcdatamodel; path = Model.xcdatamodel; sourceTree = "<group>"; };
/* End PBXFileReference section */

/* Begin PBXFrameworksBuildPhase section */
		36A4397A1736F6E600155B56 /* Frameworks */ = {
			isa = PBXFrameworksBuildPhase;
			buildActionMask = 2147483647;
			files = (
				366B6016173884BD000970D5 /* MapKit.framework in Frameworks */,
				36A439BE1736FD9000155B56 /* libxml2.dylib in Frameworks */,
				36A439BC1736FD8000155B56 /* libresolv.dylib in Frameworks */,
				36A439BA1736FD7900155B56 /* libz.dylib in Frameworks */,
				36A439B81736FD6500155B56 /* AVFoundation.framework in Frameworks */,
				36A439B61736FD5B00155B56 /* CoreVideo.framework in Frameworks */,
				36A439B41736FD5400155B56 /* Accelerate.framework in Frameworks */,
				36A439B21736FD4600155B56 /* CoreMedia.framework in Frameworks */,
				36A439B01736FD3F00155B56 /* AudioToolbox.framework in Frameworks */,
				36A439AE1736FD2700155B56 /* CoreLocation.framework in Frameworks */,
				36A439851736F6E600155B56 /* CoreGraphics.framework in Frameworks */,
				36A439AC1736FD1600155B56 /* MobileCoreServices.framework in Frameworks */,
				36A439AA1736FD0B00155B56 /* SystemConfiguration.framework in Frameworks */,
				36A439A81736FCFE00155B56 /* CFNetwork.framework in Frameworks */,
				36A439A61736FB0B00155B56 /* Quickblox.framework in Frameworks */,
				36A439811736F6E600155B56 /* UIKit.framework in Frameworks */,
				36A439831736F6E600155B56 /* Foundation.framework in Frameworks */,
				36A439871736F6E600155B56 /* CoreData.framework in Frameworks */,
			);
			runOnlyForDeploymentPostprocessing = 0;
		};
/* End PBXFrameworksBuildPhase section */

/* Begin PBXGroup section */
		3629ADCD174855D00052B1A5 /* Common */ = {
			isa = PBXGroup;
			children = (
				3629ADCE174856150052B1A5 /* IceBreakerBaseVC.h */,
				3629ADCF174856150052B1A5 /* IceBreakerBaseVC.m */,
			);
			name = Common;
			sourceTree = "<group>";
		};
		3629ADD4174864AF0052B1A5 /* Login */ = {
			isa = PBXGroup;
			children = (
				3629ADD1174864A30052B1A5 /* QBAuthenticator.h */,
				3629ADD2174864A30052B1A5 /* QBAuthenticator.m */,
			);
			name = Login;
			path = ..;
			sourceTree = "<group>";
		};
		3629ADD5174864B90052B1A5 /* Models */ = {
			isa = PBXGroup;
			children = (
				3629ADD4174864AF0052B1A5 /* Login */,
			);
			name = Models;
			sourceTree = "<group>";
		};
		36616841173743C20083B242 /* Vendor */ = {
			isa = PBXGroup;
			children = (
				36616842173743C20083B242 /* ECSlidingViewController */,
			);
			path = Vendor;
			sourceTree = "<group>";
		};
		36616842173743C20083B242 /* ECSlidingViewController */ = {
			isa = PBXGroup;
			children = (
				36616843173743C20083B242 /* ECSlidingViewController.h */,
				36616844173743C20083B242 /* ECSlidingViewController.m */,
				36616845173743C20083B242 /* UIImage+ImageWithUIView.h */,
				36616846173743C20083B242 /* UIImage+ImageWithUIView.m */,
			);
			path = ECSlidingViewController;
			sourceTree = "<group>";
		};
		366B6011173882F3000970D5 /* MainMenu */ = {
			isa = PBXGroup;
			children = (
				36E906F1173CE2870039CB9F /* InitialSlidingViewController.h */,
				36E906F2173CE2870039CB9F /* InitialSlidingViewController.m */,
				36E906F3173CE2870039CB9F /* MenuVC.h */,
				36E906F4173CE2870039CB9F /* MenuVC.m */,
			);
			name = MainMenu;
			sourceTree = "<group>";
		};
		366B601217388303000970D5 /* EventMenu */ = {
			isa = PBXGroup;
			children = (
				366B600E173882E0000970D5 /* EventMapVC.h */,
				366B600F173882E0000970D5 /* EventMapVC.m */,
			);
			name = EventMenu;
			sourceTree = "<group>";
		};
		366B60131738832D000970D5 /* Login */ = {
			isa = PBXGroup;
			children = (
				36A439CC173705B800155B56 /* LoginVC.h */,
				36A439CD173705B800155B56 /* LoginVC.m */,
				36A43A0A173717A900155B56 /* SignupVC.h */,
				36A43A0B173717A900155B56 /* SignupVC.m */,
			);
			name = Login;
			sourceTree = "<group>";
		};
		366B601417388343000970D5 /* ChatMenu */ = {
			isa = PBXGroup;
			children = (
				361C6FB7173734E0008FA28D /* AvailableForChatVC.h */,
				361C6FB8173734E0008FA28D /* AvailableForChatVC.m */,
				361C6FBA173734F3008FA28D /* ChatVC.h */,
				361C6FBB173734F3008FA28D /* ChatVC.m */,
			);
			name = ChatMenu;
			sourceTree = "<group>";
		};
		36A439741736F6E600155B56 = {
			isa = PBXGroup;
			children = (
				36A439881736F6E600155B56 /* Ice Breaker */,
				36A4397F1736F6E600155B56 /* Frameworks */,
				36A4397E1736F6E600155B56 /* Products */,
			);
			sourceTree = "<group>";
		};
		36A4397E1736F6E600155B56 /* Products */ = {
			isa = PBXGroup;
			children = (
				36A4397D1736F6E600155B56 /* Ice Breaker.app */,
			);
			name = Products;
			sourceTree = "<group>";
		};
		36A4397F1736F6E600155B56 /* Frameworks */ = {
			isa = PBXGroup;
			children = (
				366B6015173884BD000970D5 /* MapKit.framework */,
				36A439801736F6E600155B56 /* UIKit.framework */,
				36A439821736F6E600155B56 /* Foundation.framework */,
				36A439841736F6E600155B56 /* CoreGraphics.framework */,
				36A439861736F6E600155B56 /* CoreData.framework */,
				36A439A51736FB0B00155B56 /* Quickblox.framework */,
				36A439BD1736FD9000155B56 /* libxml2.dylib */,
				36A439BB1736FD8000155B56 /* libresolv.dylib */,
				36A439B91736FD7900155B56 /* libz.dylib */,
				36A439B71736FD6500155B56 /* AVFoundation.framework */,
				36A439B51736FD5B00155B56 /* CoreVideo.framework */,
				36A439B31736FD5400155B56 /* Accelerate.framework */,
				36A439B11736FD4600155B56 /* CoreMedia.framework */,
				36A439AF1736FD3F00155B56 /* AudioToolbox.framework */,
				36A439AD1736FD2700155B56 /* CoreLocation.framework */,
				36A439AB1736FD1600155B56 /* MobileCoreServices.framework */,
				36A439A91736FD0B00155B56 /* SystemConfiguration.framework */,
				36A439A71736FCFE00155B56 /* CFNetwork.framework */,
			);
			name = Frameworks;
			sourceTree = "<group>";
		};
		36A439881736F6E600155B56 /* Ice Breaker */ = {
			isa = PBXGroup;
			children = (
				36A439BF1736FF8800155B56 /* Storyboards */,
				36A439CF173705BE00155B56 /* Controllers */,
				3629ADD5174864B90052B1A5 /* Models */,
				36A439A21736F6F900155B56 /* Database */,
				36A439891736F6E600155B56 /* Supporting Files */,
				36616841173743C20083B242 /* Vendor */,
			);
			path = "Ice Breaker";
			sourceTree = "<group>";
		};
		36A439891736F6E600155B56 /* Supporting Files */ = {
			isa = PBXGroup;
			children = (
				36A43A091737100100155B56 /* Images */,
				36A4398A1736F6E600155B56 /* Ice Breaker-Info.plist */,
				36A4398B1736F6E600155B56 /* InfoPlist.strings */,
				36A439911736F6E600155B56 /* AppDelegate.h */,
				36A439921736F6E600155B56 /* AppDelegate.m */,
				36A439C9173703B500155B56 /* Ice Breaker-Prefix.pch */,
				36A4398E1736F6E600155B56 /* main.m */,
			);
			name = "Supporting Files";
			sourceTree = "<group>";
		};
		36A439A21736F6F900155B56 /* Database */ = {
			isa = PBXGroup;
			children = (
				36E906F7173CE54A0039CB9F /* Model.xcdatamodeld */,
				361C6FB117372AE3008FA28D /* DataManager.h */,
				361C6FB217372AE3008FA28D /* DataManager.m */,
			);
			name = Database;
			sourceTree = "<group>";
		};
		36A439BF1736FF8800155B56 /* Storyboards */ = {
			isa = PBXGroup;
			children = (
				36A439CA1737047900155B56 /* iPhoneMainStoryboard.storyboard */,
			);
			name = Storyboards;
			sourceTree = "<group>";
		};
		36A439CF173705BE00155B56 /* Controllers */ = {
			isa = PBXGroup;
			children = (
				3629ADCD174855D00052B1A5 /* Common */,
				366B60131738832D000970D5 /* Login */,
				366B6011173882F3000970D5 /* MainMenu */,
				366B601417388343000970D5 /* ChatMenu */,
				366B601217388303000970D5 /* EventMenu */,
			);
			name = Controllers;
			path = ..;
			sourceTree = "<group>";
		};
		36A43A091737100100155B56 /* Images */ = {
			isa = PBXGroup;
			children = (
				3661684F1737459B0083B242 /* nav_menu_icon@2x.png */,
			);
			name = Images;
			path = ..;
			sourceTree = "<group>";
		};
/* End PBXGroup section */

/* Begin PBXNativeTarget section */
		36A4397C1736F6E600155B56 /* Ice Breaker */ = {
			isa = PBXNativeTarget;
			buildConfigurationList = 36A4399F1736F6E700155B56 /* Build configuration list for PBXNativeTarget "Ice Breaker" */;
			buildPhases = (
				36A439791736F6E600155B56 /* Sources */,
				36A4397A1736F6E600155B56 /* Frameworks */,
				36A4397B1736F6E600155B56 /* Resources */,
			);
			buildRules = (
			);
			dependencies = (
			);
			name = "Ice Breaker";
			productName = "Ice Breaker";
			productReference = 36A4397D1736F6E600155B56 /* Ice Breaker.app */;
			productType = "com.apple.product-type.application";
		};
/* End PBXNativeTarget section */

/* Begin PBXProject section */
		36A439751736F6E600155B56 /* Project object */ = {
			isa = PBXProject;
			attributes = {
				LastUpgradeCheck = 0460;
				ORGANIZATIONNAME = "shabbir rajgara";
			};
			buildConfigurationList = 36A439781736F6E600155B56 /* Build configuration list for PBXProject "Ice Breaker" */;
			compatibilityVersion = "Xcode 3.2";
			developmentRegion = English;
			hasScannedForEncodings = 0;
			knownRegions = (
				en,
			);
			mainGroup = 36A439741736F6E600155B56;
			productRefGroup = 36A4397E1736F6E600155B56 /* Products */;
			projectDirPath = "";
			projectRoot = "";
			targets = (
				36A4397C1736F6E600155B56 /* Ice Breaker */,
			);
		};
/* End PBXProject section */

/* Begin PBXResourcesBuildPhase section */
		36A4397B1736F6E600155B56 /* Resources */ = {
			isa = PBXResourcesBuildPhase;
			buildActionMask = 2147483647;
			files = (
				36A4398D1736F6E600155B56 /* InfoPlist.strings in Resources */,
				36A439CB1737047900155B56 /* iPhoneMainStoryboard.storyboard in Resources */,
				366168501737459B0083B242 /* nav_menu_icon@2x.png in Resources */,
			);
			runOnlyForDeploymentPostprocessing = 0;
		};
/* End PBXResourcesBuildPhase section */

/* Begin PBXSourcesBuildPhase section */
		36A439791736F6E600155B56 /* Sources */ = {
			isa = PBXSourcesBuildPhase;
			buildActionMask = 2147483647;
			files = (
				36A4398F1736F6E600155B56 /* main.m in Sources */,
				36A439931736F6E600155B56 /* AppDelegate.m in Sources */,
				36A439CE173705B800155B56 /* LoginVC.m in Sources */,
				36A43A0C173717A900155B56 /* SignupVC.m in Sources */,
				361C6FB317372AE3008FA28D /* DataManager.m in Sources */,
				361C6FB9173734E0008FA28D /* AvailableForChatVC.m in Sources */,
				361C6FBC173734F3008FA28D /* ChatVC.m in Sources */,
				36616847173743C20083B242 /* ECSlidingViewController.m in Sources */,
				36616848173743C20083B242 /* UIImage+ImageWithUIView.m in Sources */,
				366B6010173882E0000970D5 /* EventMapVC.m in Sources */,
				36E906F5173CE2870039CB9F /* InitialSlidingViewController.m in Sources */,
				36E906F6173CE2870039CB9F /* MenuVC.m in Sources */,
				36E906F9173CE54A0039CB9F /* Model.xcdatamodeld in Sources */,
				3629ADD0174856150052B1A5 /* IceBreakerBaseVC.m in Sources */,
				3629ADD3174864A40052B1A5 /* QBAuthenticator.m in Sources */,
			);
			runOnlyForDeploymentPostprocessing = 0;
		};
/* End PBXSourcesBuildPhase section */

/* Begin PBXVariantGroup section */
		36A4398B1736F6E600155B56 /* InfoPlist.strings */ = {
			isa = PBXVariantGroup;
			children = (
				36A4398C1736F6E600155B56 /* en */,
			);
			name = InfoPlist.strings;
			sourceTree = "<group>";
		};
/* End PBXVariantGroup section */

/* Begin XCBuildConfiguration section */
		36A4399D1736F6E700155B56 /* Debug */ = {
			isa = XCBuildConfiguration;
			buildSettings = {
				ALWAYS_SEARCH_USER_PATHS = NO;
				CLANG_CXX_LANGUAGE_STANDARD = "gnu++0x";
				CLANG_CXX_LIBRARY = "libc++";
				CLANG_ENABLE_OBJC_ARC = YES;
				CLANG_WARN_CONSTANT_CONVERSION = YES;
				CLANG_WARN_EMPTY_BODY = YES;
				CLANG_WARN_ENUM_CONVERSION = YES;
				CLANG_WARN_INT_CONVERSION = YES;
				CLANG_WARN__DUPLICATE_METHOD_MATCH = YES;
				"CODE_SIGN_IDENTITY[sdk=iphoneos*]" = "iPhone Developer";
				COPY_PHASE_STRIP = NO;
				GCC_C_LANGUAGE_STANDARD = gnu99;
				GCC_DYNAMIC_NO_PIC = NO;
				GCC_OPTIMIZATION_LEVEL = 0;
				GCC_PREPROCESSOR_DEFINITIONS = (
					"DEBUG=1",
					"$(inherited)",
				);
				GCC_SYMBOLS_PRIVATE_EXTERN = NO;
				GCC_WARN_ABOUT_RETURN_TYPE = YES;
				GCC_WARN_UNINITIALIZED_AUTOS = YES;
				GCC_WARN_UNUSED_VARIABLE = YES;
				IPHONEOS_DEPLOYMENT_TARGET = 6.1;
				ONLY_ACTIVE_ARCH = YES;
				SDKROOT = iphoneos;
				TARGETED_DEVICE_FAMILY = "1,2";
			};
			name = Debug;
		};
		36A4399E1736F6E700155B56 /* Release */ = {
			isa = XCBuildConfiguration;
			buildSettings = {
				ALWAYS_SEARCH_USER_PATHS = NO;
				CLANG_CXX_LANGUAGE_STANDARD = "gnu++0x";
				CLANG_CXX_LIBRARY = "libc++";
				CLANG_ENABLE_OBJC_ARC = YES;
				CLANG_WARN_CONSTANT_CONVERSION = YES;
				CLANG_WARN_EMPTY_BODY = YES;
				CLANG_WARN_ENUM_CONVERSION = YES;
				CLANG_WARN_INT_CONVERSION = YES;
				CLANG_WARN__DUPLICATE_METHOD_MATCH = YES;
				"CODE_SIGN_IDENTITY[sdk=iphoneos*]" = "iPhone Developer";
				COPY_PHASE_STRIP = YES;
				GCC_C_LANGUAGE_STANDARD = gnu99;
				GCC_WARN_ABOUT_RETURN_TYPE = YES;
				GCC_WARN_UNINITIALIZED_AUTOS = YES;
				GCC_WARN_UNUSED_VARIABLE = YES;
				IPHONEOS_DEPLOYMENT_TARGET = 6.1;
				OTHER_CFLAGS = "-DNS_BLOCK_ASSERTIONS=1";
				SDKROOT = iphoneos;
				TARGETED_DEVICE_FAMILY = "1,2";
				VALIDATE_PRODUCT = YES;
			};
			name = Release;
		};
		36A439A01736F6E700155B56 /* Debug */ = {
			isa = XCBuildConfiguration;
			buildSettings = {
				FRAMEWORK_SEARCH_PATHS = (
					"$(inherited)",
					"\"$(SRCROOT)/../chatMojo/Framework\"",
					"\"$(SRCROOT)/Ice Breaker/Framework\"",
				);
				GCC_PRECOMPILE_PREFIX_HEADER = YES;
				GCC_PREFIX_HEADER = "Ice Breaker/Supporting Files/Ice Breaker-Prefix.pch";
				INFOPLIST_FILE = "$(SRCROOT)/Ice Breaker/Supporting Files/Ice Breaker-Info.plist";
				OTHER_LDFLAGS = (
					"-ObjC",
					"-lxml2",
					"-lstdc++",
				);
				PRODUCT_NAME = "$(TARGET_NAME)";
				WRAPPER_EXTENSION = app;
			};
			name = Debug;
		};
		36A439A11736F6E700155B56 /* Release */ = {
			isa = XCBuildConfiguration;
			buildSettings = {
				FRAMEWORK_SEARCH_PATHS = (
					"$(inherited)",
					"\"$(SRCROOT)/../chatMojo/Framework\"",
					"\"$(SRCROOT)/Ice Breaker/Framework\"",
				);
				GCC_PRECOMPILE_PREFIX_HEADER = YES;
				GCC_PREFIX_HEADER = "Ice Breaker/Supporting Files/Ice Breaker-Prefix.pch";
				INFOPLIST_FILE = "$(SRCROOT)/Ice Breaker/Supporting Files/Ice Breaker-Info.plist";
				OTHER_LDFLAGS = (
					"-ObjC",
					"-lxml2",
					"-lstdc++",
				);
				PRODUCT_NAME = "$(TARGET_NAME)";
				WRAPPER_EXTENSION = app;
			};
			name = Release;
		};
/* End XCBuildConfiguration section */

/* Begin XCConfigurationList section */
		36A439781736F6E600155B56 /* Build configuration list for PBXProject "Ice Breaker" */ = {
			isa = XCConfigurationList;
			buildConfigurations = (
				36A4399D1736F6E700155B56 /* Debug */,
				36A4399E1736F6E700155B56 /* Release */,
			);
			defaultConfigurationIsVisible = 0;
			defaultConfigurationName = Release;
		};
		36A4399F1736F6E700155B56 /* Build configuration list for PBXNativeTarget "Ice Breaker" */ = {
			isa = XCConfigurationList;
			buildConfigurations = (
				36A439A01736F6E700155B56 /* Debug */,
				36A439A11736F6E700155B56 /* Release */,
			);
			defaultConfigurationIsVisible = 0;
			defaultConfigurationName = Release;
		};
/* End XCConfigurationList section */

/* Begin XCVersionGroup section */
		36E906F7173CE54A0039CB9F /* Model.xcdatamodeld */ = {
			isa = XCVersionGroup;
			children = (
				36E906F8173CE54A0039CB9F /* Model.xcdatamodel */,
			);
			currentVersion = 36E906F8173CE54A0039CB9F /* Model.xcdatamodel */;
			name = Model.xcdatamodeld;
			path = Database/Model.xcdatamodeld;
			sourceTree = "<group>";
			versionGroupType = wrapper.xcdatamodel;
		};
/* End XCVersionGroup section */
	};
	rootObject = 36A439751736F6E600155B56 /* Project object */;
}
